{
  "name": "envergo",
  "version": "1.0.0",
  "lockfileVersion": 1,
  "requires": true,
  "dependencies": {
    "@gouvfr/dsfr": {
      "version": "1.0.0",
      "resolved": "https://registry.npmjs.org/@gouvfr/dsfr/-/dsfr-1.0.0.tgz",
      "integrity": "sha512-rly0JstrdffkX+TkF3cqUpnF4eyOiBKmFVgMsT6D8Mr//RB83wWvBOxpsWlu+CiUJKgPlhIuIud2skeTyf0eCw=="
    }
  }
}
